
Microsoft Visual Studio Solution File, Format Version 12.00
# Visual Studio Version 16
VisualStudioVersion = 16.0.33927.289
MinimumVisualStudioVersion = 10.0.40219.1
Project("{FAE04EC0-301F-11D3-BF4B-00C04F79EFBC}") = "BracketsChecking", "BracketsChecking\BracketsChecking.csproj", "{50929C04-D52C-4AF1-BD94-27F920D383BA}"
EndProject
Global
	GlobalSection(SolutionConfigurationPlatforms) = preSolution
		Debug|Any CPU = Debug|Any CPU
		Release|Any CPU = Release|Any CPU
	EndGlobalSection
	GlobalSection(ProjectConfigurationPlatforms) = postSolution
		{50929C04-D52C-4AF1-BD94-27F920D383BA}.Debug|Any CPU.ActiveCfg = Debug|Any CPU
		{50929C04-D52C-4AF1-BD94-27F920D383BA}.Debug|Any CPU.Build.0 = Debug|Any CPU
		{50929C04-D52C-4AF1-BD94-27F920D383BA}.Release|Any CPU.ActiveCfg = Release|Any CPU
		{50929C04-D52C-4AF1-BD94-27F920D383BA}.Release|Any CPU.Build.0 = Release|Any CPU
	EndGlobalSection
	GlobalSection(SolutionProperties) = preSolution
		HideSolutionNode = FALSE
	EndGlobalSection
	GlobalSection(ExtensibilityGlobals) = postSolution
		SolutionGuid = {BDA997C3-DA9B-47D8-B213-5515ABB89DBF}
	EndGlobalSection
EndGlobal
